
Microsoft Visual Studio Solution File, Format Version 12.00
# Visual Studio 15
VisualStudioVersion = 15.0.27101.0
MinimumVisualStudioVersion = 10.0.40219.1
Project("{FAE04EC0-301F-11D3-BF4B-00C04F79EFBC}") = "BoostTestAdapter", "BoostTestAdapter\BoostTestAdapter.csproj", "{BC4B3BED-9241-4DD6-8070-A9B66DFC08C1}"
	ProjectSection(ProjectDependencies) = postProject
		{B02289B1-AF1E-4EB8-B78B-6B89E0F29C27} = {B02289B1-AF1E-4EB8-B78B-6B89E0F29C27}
	EndProjectSection
EndProject
Project("{FAE04EC0-301F-11D3-BF4B-00C04F79EFBC}") = "BoostTestPlugin", "BoostTestPlugin\BoostTestPlugin.csproj", "{7918D2BE-590C-4F1B-9A72-9F1CE4640AA9}"
EndProject
Project("{FAE04EC0-301F-11D3-BF4B-00C04F79EFBC}") = "VisualStudioAdapter", "VisualStudioAdapter\VisualStudioAdapter.csproj", "{62347CC7-C839-413D-A7CE-598409F6F15B}"
EndProject
Project("{FAE04EC0-301F-11D3-BF4B-00C04F79EFBC}") = "BoostTestAdapterNunit", "BoostTestAdapterNunit\BoostTestAdapterNunit.csproj", "{FE58A67C-D313-46FD-B8F3-F80383EE5FD1}"
	ProjectSection(ProjectDependencies) = postProject
		{488AE1CE-107D-4F5B-9F1F-ED7905D5CE75} = {488AE1CE-107D-4F5B-9F1F-ED7905D5CE75}
	EndProjectSection
EndProject
Project("{FAE04EC0-301F-11D3-BF4B-00C04F79EFBC}") = "Antlr.DOT", "Antlr.DOT\Antlr.DOT.csproj", "{488AE1CE-107D-4F5B-9F1F-ED7905D5CE75}"
	ProjectSection(ProjectDependencies) = postProject
		{B02289B1-AF1E-4EB8-B78B-6B89E0F29C27} = {B02289B1-AF1E-4EB8-B78B-6B89E0F29C27}
	EndProjectSection
EndProject
Project("{FAE04EC0-301F-11D3-BF4B-00C04F79EFBC}") = "BoostTestPackage", "BoostTestPackage\BoostTestPackage.csproj", "{E3C8837E-0799-4C23-B922-343DF9A3EBF6}"
EndProject
Project("{FAE04EC0-301F-11D3-BF4B-00C04F79EFBC}") = "BoostTestShared", "BoostTestShared\BoostTestShared.csproj", "{678B7C85-7906-46DD-810C-E0EF0121B3B3}"
EndProject
Project("{FAE04EC0-301F-11D3-BF4B-00C04F79EFBC}") = "ThirdPartySigning", "ThirdPartySigning\ThirdPartySigning.csproj", "{B02289B1-AF1E-4EB8-B78B-6B89E0F29C27}"
EndProject
Project("{FAE04EC0-301F-11D3-BF4B-00C04F79EFBC}") = "BoostTestItemTemplate", "BoostTestItemTemplate\BoostTestItemTemplate.csproj", "{FFB64E09-990D-4F65-909E-CDD6772DBE69}"
EndProject
Global
	GlobalSection(SolutionConfigurationPlatforms) = preSolution
		Debug|Any CPU = Debug|Any CPU
		Debug|x64 = Debug|x64
		Debug|x86 = Debug|x86
		Release|Any CPU = Release|Any CPU
		Release|x64 = Release|x64
		Release|x86 = Release|x86
	EndGlobalSection
	GlobalSection(ProjectConfigurationPlatforms) = postSolution
		{BC4B3BED-9241-4DD6-8070-A9B66DFC08C1}.Debug|Any CPU.ActiveCfg = Debug|Any CPU
		{BC4B3BED-9241-4DD6-8070-A9B66DFC08C1}.Debug|Any CPU.Build.0 = Debug|Any CPU
		{BC4B3BED-9241-4DD6-8070-A9B66DFC08C1}.Debug|x64.ActiveCfg = Debug|Any CPU
		{BC4B3BED-9241-4DD6-8070-A9B66DFC08C1}.Debug|x64.Build.0 = Debug|Any CPU
		{BC4B3BED-9241-4DD6-8070-A9B66DFC08C1}.Debug|x86.ActiveCfg = Debug|Any CPU
		{BC4B3BED-9241-4DD6-8070-A9B66DFC08C1}.Debug|x86.Build.0 = Debug|Any CPU
		{BC4B3BED-9241-4DD6-8070-A9B66DFC08C1}.Release|Any CPU.ActiveCfg = Release|Any CPU
		{BC4B3BED-9241-4DD6-8070-A9B66DFC08C1}.Release|Any CPU.Build.0 = Release|Any CPU
		{BC4B3BED-9241-4DD6-8070-A9B66DFC08C1}.Release|x64.ActiveCfg = Release|Any CPU
		{BC4B3BED-9241-4DD6-8070-A9B66DFC08C1}.Release|x64.Build.0 = Release|Any CPU
		{BC4B3BED-9241-4DD6-8070-A9B66DFC08C1}.Release|x86.ActiveCfg = Release|Any CPU
		{BC4B3BED-9241-4DD6-8070-A9B66DFC08C1}.Release|x86.Build.0 = Release|Any CPU
		{7918D2BE-590C-4F1B-9A72-9F1CE4640AA9}.Debug|Any CPU.ActiveCfg = Debug|Any CPU
		{7918D2BE-590C-4F1B-9A72-9F1CE4640AA9}.Debug|Any CPU.Build.0 = Debug|Any CPU
		{7918D2BE-590C-4F1B-9A72-9F1CE4640AA9}.Debug|x64.ActiveCfg = Debug|Any CPU
		{7918D2BE-590C-4F1B-9A72-9F1CE4640AA9}.Debug|x64.Build.0 = Debug|Any CPU
		{7918D2BE-590C-4F1B-9A72-9F1CE4640AA9}.Debug|x86.ActiveCfg = Debug|Any CPU
		{7918D2BE-590C-4F1B-9A72-9F1CE4640AA9}.Debug|x86.Build.0 = Debug|Any CPU
		{7918D2BE-590C-4F1B-9A72-9F1CE4640AA9}.Release|Any CPU.ActiveCfg = Release|Any CPU
		{7918D2BE-590C-4F1B-9A72-9F1CE4640AA9}.Release|Any CPU.Build.0 = Release|Any CPU
		{7918D2BE-590C-4F1B-9A72-9F1CE4640AA9}.Release|x64.ActiveCfg = Release|Any CPU
		{7918D2BE-590C-4F1B-9A72-9F1CE4640AA9}.Release|x64.Build.0 = Release|Any CPU
		{7918D2BE-590C-4F1B-9A72-9F1CE4640AA9}.Release|x86.ActiveCfg = Release|Any CPU
		{7918D2BE-590C-4F1B-9A72-9F1CE4640AA9}.Release|x86.Build.0 = Release|Any CPU
		{62347CC7-C839-413D-A7CE-598409F6F15B}.Debug|Any CPU.ActiveCfg = Debug|Any CPU
		{62347CC7-C839-413D-A7CE-598409F6F15B}.Debug|Any CPU.Build.0 = Debug|Any CPU
		{62347CC7-C839-413D-A7CE-598409F6F15B}.Debug|x64.ActiveCfg = Debug|Any CPU
		{62347CC7-C839-413D-A7CE-598409F6F15B}.Debug|x64.Build.0 = Debug|Any CPU
		{62347CC7-C839-413D-A7CE-598409F6F15B}.Debug|x86.ActiveCfg = Debug|Any CPU
		{62347CC7-C839-413D-A7CE-598409F6F15B}.Debug|x86.Build.0 = Debug|Any CPU
		{62347CC7-C839-413D-A7CE-598409F6F15B}.Release|Any CPU.ActiveCfg = Release|Any CPU
		{62347CC7-C839-413D-A7CE-598409F6F15B}.Release|Any CPU.Build.0 = Release|Any CPU
		{62347CC7-C839-413D-A7CE-598409F6F15B}.Release|x64.ActiveCfg = Release|Any CPU
		{62347CC7-C839-413D-A7CE-598409F6F15B}.Release|x64.Build.0 = Release|Any CPU
		{62347CC7-C839-413D-A7CE-598409F6F15B}.Release|x86.ActiveCfg = Release|Any CPU
		{62347CC7-C839-413D-A7CE-598409F6F15B}.Release|x86.Build.0 = Release|Any CPU
		{FE58A67C-D313-46FD-B8F3-F80383EE5FD1}.Debug|Any CPU.ActiveCfg = Debug|Any CPU
		{FE58A67C-D313-46FD-B8F3-F80383EE5FD1}.Debug|Any CPU.Build.0 = Debug|Any CPU
		{FE58A67C-D313-46FD-B8F3-F80383EE5FD1}.Debug|x64.ActiveCfg = Debug|Any CPU
		{FE58A67C-D313-46FD-B8F3-F80383EE5FD1}.Debug|x64.Build.0 = Debug|Any CPU
		{FE58A67C-D313-46FD-B8F3-F80383EE5FD1}.Debug|x86.ActiveCfg = Debug|Any CPU
		{FE58A67C-D313-46FD-B8F3-F80383EE5FD1}.Debug|x86.Build.0 = Debug|Any CPU
		{FE58A67C-D313-46FD-B8F3-F80383EE5FD1}.Release|Any CPU.ActiveCfg = Release|Any CPU
		{FE58A67C-D313-46FD-B8F3-F80383EE5FD1}.Release|Any CPU.Build.0 = Release|Any CPU
		{FE58A67C-D313-46FD-B8F3-F80383EE5FD1}.Release|x64.ActiveCfg = Release|Any CPU
		{FE58A67C-D313-46FD-B8F3-F80383EE5FD1}.Release|x64.Build.0 = Release|Any CPU
		{FE58A67C-D313-46FD-B8F3-F80383EE5FD1}.Release|x86.ActiveCfg = Release|Any CPU
		{FE58A67C-D313-46FD-B8F3-F80383EE5FD1}.Release|x86.Build.0 = Release|Any CPU
		{488AE1CE-107D-4F5B-9F1F-ED7905D5CE75}.Debug|Any CPU.ActiveCfg = Debug|Any CPU
		{488AE1CE-107D-4F5B-9F1F-ED7905D5CE75}.Debug|Any CPU.Build.0 = Debug|Any CPU
		{488AE1CE-107D-4F5B-9F1F-ED7905D5CE75}.Debug|x64.ActiveCfg = Debug|Any CPU
		{488AE1CE-107D-4F5B-9F1F-ED7905D5CE75}.Debug|x64.Build.0 = Debug|Any CPU
		{488AE1CE-107D-4F5B-9F1F-ED7905D5CE75}.Debug|x86.ActiveCfg = Debug|Any CPU
		{488AE1CE-107D-4F5B-9F1F-ED7905D5CE75}.Debug|x86.Build.0 = Debug|Any CPU
		{488AE1CE-107D-4F5B-9F1F-ED7905D5CE75}.Release|Any CPU.ActiveCfg = Release|Any CPU
		{488AE1CE-107D-4F5B-9F1F-ED7905D5CE75}.Release|Any CPU.Build.0 = Release|Any CPU
		{488AE1CE-107D-4F5B-9F1F-ED7905D5CE75}.Release|x64.ActiveCfg = Release|Any CPU
		{488AE1CE-107D-4F5B-9F1F-ED7905D5CE75}.Release|x64.Build.0 = Release|Any CPU
		{488AE1CE-107D-4F5B-9F1F-ED7905D5CE75}.Release|x86.ActiveCfg = Release|Any CPU
		{488AE1CE-107D-4F5B-9F1F-ED7905D5CE75}.Release|x86.Build.0 = Release|Any CPU
		{E3C8837E-0799-4C23-B922-343DF9A3EBF6}.Debug|Any CPU.ActiveCfg = Debug|Any CPU
		{E3C8837E-0799-4C23-B922-343DF9A3EBF6}.Debug|Any CPU.Build.0 = Debug|Any CPU
		{E3C8837E-0799-4C23-B922-343DF9A3EBF6}.Debug|x64.ActiveCfg = Debug|Any CPU
		{E3C8837E-0799-4C23-B922-343DF9A3EBF6}.Debug|x64.Build.0 = Debug|Any CPU
		{E3C8837E-0799-4C23-B922-343DF9A3EBF6}.Debug|x86.ActiveCfg = Debug|Any CPU
		{E3C8837E-0799-4C23-B922-343DF9A3EBF6}.Debug|x86.Build.0 = Debug|Any CPU
		{E3C8837E-0799-4C23-B922-343DF9A3EBF6}.Release|Any CPU.ActiveCfg = Release|Any CPU
		{E3C8837E-0799-4C23-B922-343DF9A3EBF6}.Release|Any CPU.Build.0 = Release|Any CPU
		{E3C8837E-0799-4C23-B922-343DF9A3EBF6}.Release|x64.ActiveCfg = Release|Any CPU
		{E3C8837E-0799-4C23-B922-343DF9A3EBF6}.Release|x64.Build.0 = Release|Any CPU
		{E3C8837E-0799-4C23-B922-343DF9A3EBF6}.Release|x86.ActiveCfg = Release|Any CPU
		{E3C8837E-0799-4C23-B922-343DF9A3EBF6}.Release|x86.Build.0 = Release|Any CPU
		{678B7C85-7906-46DD-810C-E0EF0121B3B3}.Debug|Any CPU.ActiveCfg = Debug|Any CPU
		{678B7C85-7906-46DD-810C-E0EF0121B3B3}.Debug|Any CPU.Build.0 = Debug|Any CPU
		{678B7C85-7906-46DD-810C-E0EF0121B3B3}.Debug|x64.ActiveCfg = Debug|Any CPU
		{678B7C85-7906-46DD-810C-E0EF0121B3B3}.Debug|x64.Build.0 = Debug|Any CPU
		{678B7C85-7906-46DD-810C-E0EF0121B3B3}.Debug|x86.ActiveCfg = Debug|Any CPU
		{678B7C85-7906-46DD-810C-E0EF0121B3B3}.Debug|x86.Build.0 = Debug|Any CPU
		{678B7C85-7906-46DD-810C-E0EF0121B3B3}.Release|Any CPU.ActiveCfg = Release|Any CPU
		{678B7C85-7906-46DD-810C-E0EF0121B3B3}.Release|Any CPU.Build.0 = Release|Any CPU
		{678B7C85-7906-46DD-810C-E0EF0121B3B3}.Release|x64.ActiveCfg = Release|Any CPU
		{678B7C85-7906-46DD-810C-E0EF0121B3B3}.Release|x64.Build.0 = Release|Any CPU
		{678B7C85-7906-46DD-810C-E0EF0121B3B3}.Release|x86.ActiveCfg = Release|Any CPU
		{678B7C85-7906-46DD-810C-E0EF0121B3B3}.Release|x86.Build.0 = Release|Any CPU
		{B02289B1-AF1E-4EB8-B78B-6B89E0F29C27}.Debug|Any CPU.ActiveCfg = Debug|Any CPU
		{B02289B1-AF1E-4EB8-B78B-6B89E0F29C27}.Debug|Any CPU.Build.0 = Debug|Any CPU
		{B02289B1-AF1E-4EB8-B78B-6B89E0F29C27}.Debug|x64.ActiveCfg = Debug|Any CPU
		{B02289B1-AF1E-4EB8-B78B-6B89E0F29C27}.Debug|x64.Build.0 = Debug|Any CPU
		{B02289B1-AF1E-4EB8-B78B-6B89E0F29C27}.Debug|x86.ActiveCfg = Debug|Any CPU
		{B02289B1-AF1E-4EB8-B78B-6B89E0F29C27}.Debug|x86.Build.0 = Debug|Any CPU
		{B02289B1-AF1E-4EB8-B78B-6B89E0F29C27}.Release|Any CPU.ActiveCfg = Release|Any CPU
		{B02289B1-AF1E-4EB8-B78B-6B89E0F29C27}.Release|Any CPU.Build.0 = Release|Any CPU
		{B02289B1-AF1E-4EB8-B78B-6B89E0F29C27}.Release|x64.ActiveCfg = Release|Any CPU
		{B02289B1-AF1E-4EB8-B78B-6B89E0F29C27}.Release|x64.Build.0 = Release|Any CPU
		{B02289B1-AF1E-4EB8-B78B-6B89E0F29C27}.Release|x86.ActiveCfg = Release|Any CPU
		{B02289B1-AF1E-4EB8-B78B-6B89E0F29C27}.Release|x86.Build.0 = Release|Any CPU
		{FFB64E09-990D-4F65-909E-CDD6772DBE69}.Debug|Any CPU.ActiveCfg = Debug|Any CPU
		{FFB64E09-990D-4F65-909E-CDD6772DBE69}.Debug|Any CPU.Build.0 = Debug|Any CPU
		{FFB64E09-990D-4F65-909E-CDD6772DBE69}.Debug|x64.ActiveCfg = Debug|Any CPU
		{FFB64E09-990D-4F65-909E-CDD6772DBE69}.Debug|x64.Build.0 = Debug|Any CPU
		{FFB64E09-990D-4F65-909E-CDD6772DBE69}.Debug|x86.ActiveCfg = Debug|Any CPU
		{FFB64E09-990D-4F65-909E-CDD6772DBE69}.Debug|x86.Build.0 = Debug|Any CPU
		{FFB64E09-990D-4F65-909E-CDD6772DBE69}.Release|Any CPU.ActiveCfg = Release|Any CPU
		{FFB64E09-990D-4F65-909E-CDD6772DBE69}.Release|Any CPU.Build.0 = Release|Any CPU
		{FFB64E09-990D-4F65-909E-CDD6772DBE69}.Release|x64.ActiveCfg = Release|Any CPU
		{FFB64E09-990D-4F65-909E-CDD6772DBE69}.Release|x64.Build.0 = Release|Any CPU
		{FFB64E09-990D-4F65-909E-CDD6772DBE69}.Release|x86.ActiveCfg = Release|Any CPU
		{FFB64E09-990D-4F65-909E-CDD6772DBE69}.Release|x86.Build.0 = Release|Any CPU
	EndGlobalSection
	GlobalSection(SolutionProperties) = preSolution
		HideSolutionNode = FALSE
	EndGlobalSection
	GlobalSection(ExtensibilityGlobals) = postSolution
		SolutionGuid = {A883A5E3-0725-4979-95F0-766D34B65C7C}
	EndGlobalSection
EndGlobal
